
Microsoft Visual Studio Solution File, Format Version 12.00
# Visual Studio 15
VisualStudioVersion = 15.0.28307.271
MinimumVisualStudioVersion = 10.0.40219.1
Project("{FAE04EC0-301F-11D3-BF4B-00C04F79EFBC}") = "GameFramework", "GameFramework\GameFramework.csproj", "{87BB96FD-BD09-4831-97AC-6DDF0BE9C62F}"
EndProject
Global
	GlobalSection(SolutionConfigurationPlatforms) = preSolution
		Debug|Any CPU = Debug|Any CPU
		Release|Any CPU = Release|Any CPU
	EndGlobalSection
	GlobalSection(ProjectConfigurationPlatforms) = postSolution
		{87BB96FD-BD09-4831-97AC-6DDF0BE9C62F}.Debug|Any CPU.ActiveCfg = Debug|Any CPU
		{87BB96FD-BD09-4831-97AC-6DDF0BE9C62F}.Debug|Any CPU.Build.0 = Debug|Any CPU
		{87BB96FD-BD09-4831-97AC-6DDF0BE9C62F}.Release|Any CPU.ActiveCfg = Release|Any CPU
		{87BB96FD-BD09-4831-97AC-6DDF0BE9C62F}.Release|Any CPU.Build.0 = Release|Any CPU
	EndGlobalSection
	GlobalSection(SolutionProperties) = preSolution
		HideSolutionNode = FALSE
	EndGlobalSection
	GlobalSection(ExtensibilityGlobals) = postSolution
		SolutionGuid = {6846C12C-8A85-4F42-A9AA-02F3ED71D474}
	EndGlobalSection
EndGlobal
